
Microsoft Visual Studio Solution File, Format Version 12.00
# Visual Studio Version 17
VisualStudioVersion = 17.3.32922.545
MinimumVisualStudioVersion = 10.0.40219.1
Project("{FAE04EC0-301F-11D3-BF4B-00C04F79EFBC}") = "StudentsRecords", "StudentsRecords\StudentsRecords.csproj", "{B36ADC8B-1E25-41D0-AE40-49FF0081A479}"
EndProject
Global
	GlobalSection(SolutionConfigurationPlatforms) = preSolution
		Debug|Any CPU = Debug|Any CPU
		Release|Any CPU = Release|Any CPU
	EndGlobalSection
	GlobalSection(ProjectConfigurationPlatforms) = postSolution
		{B36ADC8B-1E25-41D0-AE40-49FF0081A479}.Debug|Any CPU.ActiveCfg = Debug|Any CPU
		{B36ADC8B-1E25-41D0-AE40-49FF0081A479}.Debug|Any CPU.Build.0 = Debug|Any CPU
		{B36ADC8B-1E25-41D0-AE40-49FF0081A479}.Release|Any CPU.ActiveCfg = Release|Any CPU
		{B36ADC8B-1E25-41D0-AE40-49FF0081A479}.Release|Any CPU.Build.0 = Release|Any CPU
	EndGlobalSection
	GlobalSection(SolutionProperties) = preSolution
		HideSolutionNode = FALSE
	EndGlobalSection
	GlobalSection(ExtensibilityGlobals) = postSolution
		SolutionGuid = {B72906A9-A955-4FE7-9FD3-108D81D5C362}
	EndGlobalSection
EndGlobal
